
Microsoft Visual Studio Solution File, Format Version 12.00
# Visual Studio Version 16
VisualStudioVersion = 16.0.29025.244
MinimumVisualStudioVersion = 10.0.40219.1
Project("{FAE04EC0-301F-11D3-BF4B-00C04F79EFBC}") = "WindowsFormsApp1", "WindowsFormsApp1\WindowsFormsApp1.csproj", "{12583B3E-3AD0-425B-8CC0-B7FAE3DECC3A}"
EndProject
Global
	GlobalSection(SolutionConfigurationPlatforms) = preSolution
		Debug|Any CPU = Debug|Any CPU
		Release|Any CPU = Release|Any CPU
	EndGlobalSection
	GlobalSection(ProjectConfigurationPlatforms) = postSolution
		{12583B3E-3AD0-425B-8CC0-B7FAE3DECC3A}.Debug|Any CPU.ActiveCfg = Debug|Any CPU
		{12583B3E-3AD0-425B-8CC0-B7FAE3DECC3A}.Debug|Any CPU.Build.0 = Debug|Any CPU
		{12583B3E-3AD0-425B-8CC0-B7FAE3DECC3A}.Release|Any CPU.ActiveCfg = Release|Any CPU
		{12583B3E-3AD0-425B-8CC0-B7FAE3DECC3A}.Release|Any CPU.Build.0 = Release|Any CPU
	EndGlobalSection
	GlobalSection(SolutionProperties) = preSolution
		HideSolutionNode = FALSE
	EndGlobalSection
	GlobalSection(ExtensibilityGlobals) = postSolution
		SolutionGuid = {D4B7715C-4925-43ED-B7F3-F45C87BFBBD8}
	EndGlobalSection
EndGlobal
